{
  "name": "preact-simple-template",
  "version": "0.0.2",
  "lockfileVersion": 1,
  "dependencies": {
    "es6-object-assign": {
      "version": "1.1.0",
      "resolved": "https://registry.npmjs.org/es6-object-assign/-/es6-object-assign-1.1.0.tgz",
      "integrity": "sha1-wsNYJlYkfDnqEHyx5mUrb58kUjw="
    },
    "preact-deep-force-update": {
      "version": "0.1.0",
      "resolved": "https://registry.npmjs.org/preact-deep-force-update/-/preact-deep-force-update-0.1.0.tgz",
      "integrity": "sha1-IWazTsISfLZ1UsouD73Sdsh4bPw="
    }
  }
}
